
Microsoft Visual Studio Solution File, Format Version 12.00
# Visual Studio 15
VisualStudioVersion = 15.0.27130.2026
MinimumVisualStudioVersion = 10.0.40219.1
Project("{9A19103F-16F7-4668-BE54-9A1E7A4F7556}") = "TwoSum", "TwoSum\TwoSum.csproj", "{A737ED37-6B59-4BBF-AB43-12FA3C724649}"
EndProject
Project("{FAE04EC0-301F-11D3-BF4B-00C04F79EFBC}") = "TwoSum.UnitTests", "TwoSum.UnitTests\TwoSum.UnitTests.csproj", "{62C282F5-09B2-4092-92E2-6AFF367282EF}"
EndProject
Global
	GlobalSection(SolutionConfigurationPlatforms) = preSolution
		Debug|Any CPU = Debug|Any CPU
		Release|Any CPU = Release|Any CPU
	EndGlobalSection
	GlobalSection(ProjectConfigurationPlatforms) = postSolution
		{A737ED37-6B59-4BBF-AB43-12FA3C724649}.Debug|Any CPU.ActiveCfg = Debug|Any CPU
		{A737ED37-6B59-4BBF-AB43-12FA3C724649}.Debug|Any CPU.Build.0 = Debug|Any CPU
		{A737ED37-6B59-4BBF-AB43-12FA3C724649}.Release|Any CPU.ActiveCfg = Release|Any CPU
		{A737ED37-6B59-4BBF-AB43-12FA3C724649}.Release|Any CPU.Build.0 = Release|Any CPU
		{62C282F5-09B2-4092-92E2-6AFF367282EF}.Debug|Any CPU.ActiveCfg = Debug|Any CPU
		{62C282F5-09B2-4092-92E2-6AFF367282EF}.Debug|Any CPU.Build.0 = Debug|Any CPU
		{62C282F5-09B2-4092-92E2-6AFF367282EF}.Release|Any CPU.ActiveCfg = Release|Any CPU
		{62C282F5-09B2-4092-92E2-6AFF367282EF}.Release|Any CPU.Build.0 = Release|Any CPU
	EndGlobalSection
	GlobalSection(SolutionProperties) = preSolution
		HideSolutionNode = FALSE
	EndGlobalSection
	GlobalSection(ExtensibilityGlobals) = postSolution
		SolutionGuid = {5A4A2909-6FEF-4891-8286-3E7223BC29C7}
	EndGlobalSection
EndGlobal
